
Microsoft Visual Studio Solution File, Format Version 12.00
# Visual Studio 14
VisualStudioVersion = 14.0.25123.0
MinimumVisualStudioVersion = 10.0.40219.1
Project("{FAE04EC0-301F-11D3-BF4B-00C04F79EFBC}") = "Little Paw", "Little Paw\Little Paw.csproj", "{E64236E1-8E9D-4C27-B97E-E66479943084}"
EndProject
Project("{FAE04EC0-301F-11D3-BF4B-00C04F79EFBC}") = "Luka_app", "Luka_app\Luka_app.csproj", "{D0390AC9-7BB5-43B7-BC69-B510FFC443D7}"
EndProject
Global
	GlobalSection(SolutionConfigurationPlatforms) = preSolution
		Debug|Any CPU = Debug|Any CPU
		Release|Any CPU = Release|Any CPU
	EndGlobalSection
	GlobalSection(ProjectConfigurationPlatforms) = postSolution
		{E64236E1-8E9D-4C27-B97E-E66479943084}.Debug|Any CPU.ActiveCfg = Debug|Any CPU
		{E64236E1-8E9D-4C27-B97E-E66479943084}.Debug|Any CPU.Build.0 = Debug|Any CPU
		{E64236E1-8E9D-4C27-B97E-E66479943084}.Release|Any CPU.ActiveCfg = Release|Any CPU
		{E64236E1-8E9D-4C27-B97E-E66479943084}.Release|Any CPU.Build.0 = Release|Any CPU
		{D0390AC9-7BB5-43B7-BC69-B510FFC443D7}.Debug|Any CPU.ActiveCfg = Debug|Any CPU
		{D0390AC9-7BB5-43B7-BC69-B510FFC443D7}.Debug|Any CPU.Build.0 = Debug|Any CPU
		{D0390AC9-7BB5-43B7-BC69-B510FFC443D7}.Release|Any CPU.ActiveCfg = Release|Any CPU
		{D0390AC9-7BB5-43B7-BC69-B510FFC443D7}.Release|Any CPU.Build.0 = Release|Any CPU
	EndGlobalSection
	GlobalSection(SolutionProperties) = preSolution
		HideSolutionNode = FALSE
	EndGlobalSection
EndGlobal
